
Microsoft Visual Studio Solution File, Format Version 12.00
# Visual Studio Version 17
VisualStudioVersion = 17.0.32112.339
MinimumVisualStudioVersion = 10.0.40219.1
Project("{FAE04EC0-301F-11D3-BF4B-00C04F79EFBC}") = "car-vehical-service", "car-vehical-service\car-vehical-service.csproj", "{31BF2F8F-812B-456F-9660-B42AE0A89155}"
EndProject
Global
	GlobalSection(SolutionConfigurationPlatforms) = preSolution
		Debug|Any CPU = Debug|Any CPU
		Release|Any CPU = Release|Any CPU
	EndGlobalSection
	GlobalSection(ProjectConfigurationPlatforms) = postSolution
		{31BF2F8F-812B-456F-9660-B42AE0A89155}.Debug|Any CPU.ActiveCfg = Debug|Any CPU
		{31BF2F8F-812B-456F-9660-B42AE0A89155}.Debug|Any CPU.Build.0 = Debug|Any CPU
		{31BF2F8F-812B-456F-9660-B42AE0A89155}.Release|Any CPU.ActiveCfg = Release|Any CPU
		{31BF2F8F-812B-456F-9660-B42AE0A89155}.Release|Any CPU.Build.0 = Release|Any CPU
	EndGlobalSection
	GlobalSection(SolutionProperties) = preSolution
		HideSolutionNode = FALSE
	EndGlobalSection
	GlobalSection(ExtensibilityGlobals) = postSolution
		SolutionGuid = {81AEE6A6-3384-4B38-A9A8-B5291159DF60}
	EndGlobalSection
EndGlobal
